// !$*UTF8*$!
{
	archiveVersion = 1;
	classes = {
	};
	objectVersion = 56;
	objects = {

/* Begin PBXBuildFile section */
		4F0C798D2C8839D60082F4F6 /* SwiftCourse.docc in Sources */ = {isa = PBXBuildFile; fileRef = 4F39F9412C7F072C008DD49D /* SwiftCourse.docc */; };
		4F0C79962C8839F80082F4F6 /* main.swift in Sources */ = {isa = PBXBuildFile; fileRef = 4F0C79952C8839F80082F4F6 /* main.swift */; };
		4F0C79A52C883D070082F4F6 /* Score.swift in Sources */ = {isa = PBXBuildFile; fileRef = 4F0C79A42C883D070082F4F6 /* Score.swift */; };
		4F0C79A62C883D070082F4F6 /* Score.swift in Sources */ = {isa = PBXBuildFile; fileRef = 4F0C79A42C883D070082F4F6 /* Score.swift */; };
		4F0C79A92C883DBA0082F4F6 /* ScoreTestCase.swift in Sources */ = {isa = PBXBuildFile; fileRef = 4F0C79A82C883DBA0082F4F6 /* ScoreTestCase.swift */; };
		4F0C79AD2C88400D0082F4F6 /* SimpleCalculator.swift in Sources */ = {isa = PBXBuildFile; fileRef = 4F0C79AC2C88400D0082F4F6 /* SimpleCalculator.swift */; };
		4F0C79AE2C88400D0082F4F6 /* SimpleCalculator.swift in Sources */ = {isa = PBXBuildFile; fileRef = 4F0C79AC2C88400D0082F4F6 /* SimpleCalculator.swift */; };
		4F0C79B02C88427F0082F4F6 /* SimpleCalculatorTestCase.swift in Sources */ = {isa = PBXBuildFile; fileRef = 4F0C79AF2C88427F0082F4F6 /* SimpleCalculatorTestCase.swift */; };
		4F0C79B32C8843810082F4F6 /* FloatingPoint+Compare.swift in Sources */ = {isa = PBXBuildFile; fileRef = 4F0C79B22C8843810082F4F6 /* FloatingPoint+Compare.swift */; };
		4F0C79B42C8843810082F4F6 /* FloatingPoint+Compare.swift in Sources */ = {isa = PBXBuildFile; fileRef = 4F0C79B22C8843810082F4F6 /* FloatingPoint+Compare.swift */; };
		4F0C79B52C8843810082F4F6 /* FloatingPoint+Compare.swift in Sources */ = {isa = PBXBuildFile; fileRef = 4F0C79B22C8843810082F4F6 /* FloatingPoint+Compare.swift */; };
		4F0C79B62C8843810082F4F6 /* FloatingPoint+Compare.swift in Sources */ = {isa = PBXBuildFile; fileRef = 4F0C79B22C8843810082F4F6 /* FloatingPoint+Compare.swift */; };
		4F0C79B72C8843810082F4F6 /* FloatingPoint+Compare.swift in Sources */ = {isa = PBXBuildFile; fileRef = 4F0C79B22C8843810082F4F6 /* FloatingPoint+Compare.swift */; };
		4F0C79B82C8843810082F4F6 /* FloatingPoint+Compare.swift in Sources */ = {isa = PBXBuildFile; fileRef = 4F0C79B22C8843810082F4F6 /* FloatingPoint+Compare.swift */; };
		4F0C79BC2C8847DD0082F4F6 /* EvenNumber.swift in Sources */ = {isa = PBXBuildFile; fileRef = 4F0C79BB2C8847DD0082F4F6 /* EvenNumber.swift */; };
		4F0C79BD2C8847DD0082F4F6 /* EvenNumber.swift in Sources */ = {isa = PBXBuildFile; fileRef = 4F0C79BB2C8847DD0082F4F6 /* EvenNumber.swift */; };
		4F0C79BF2C8848260082F4F6 /* EvenNumberTestCase.swift in Sources */ = {isa = PBXBuildFile; fileRef = 4F0C79BE2C8848260082F4F6 /* EvenNumberTestCase.swift */; };
		4F0C79C32C884BAB0082F4F6 /* Bonus.swift in Sources */ = {isa = PBXBuildFile; fileRef = 4F0C79C22C884BAB0082F4F6 /* Bonus.swift */; };
		4F0C79C42C884BAB0082F4F6 /* Bonus.swift in Sources */ = {isa = PBXBuildFile; fileRef = 4F0C79C22C884BAB0082F4F6 /* Bonus.swift */; };
		4F0C79C62C884BE10082F4F6 /* BonusTestCase.swift in Sources */ = {isa = PBXBuildFile; fileRef = 4F0C79C52C884BE10082F4F6 /* BonusTestCase.swift */; };
		4F0C79CA2C88571B0082F4F6 /* CreditRating.swift in Sources */ = {isa = PBXBuildFile; fileRef = 4F0C79C92C88571B0082F4F6 /* CreditRating.swift */; };
		4F0C79CB2C88571B0082F4F6 /* CreditRating.swift in Sources */ = {isa = PBXBuildFile; fileRef = 4F0C79C92C88571B0082F4F6 /* CreditRating.swift */; };
		4F0C79CD2C8857710082F4F6 /* CreditRatingTestCase.swift in Sources */ = {isa = PBXBuildFile; fileRef = 4F0C79CC2C8857710082F4F6 /* CreditRatingTestCase.swift */; };
		4F0C79D12C8876990082F4F6 /* BodyMassIndex.swift in Sources */ = {isa = PBXBuildFile; fileRef = 4F0C79D02C8876990082F4F6 /* BodyMassIndex.swift */; };
		4F0C79D22C8876990082F4F6 /* BodyMassIndex.swift in Sources */ = {isa = PBXBuildFile; fileRef = 4F0C79D02C8876990082F4F6 /* BodyMassIndex.swift */; };
		4F0C79D42C8876EE0082F4F6 /* BodyMassIndexTestCase.swift in Sources */ = {isa = PBXBuildFile; fileRef = 4F0C79D32C8876EE0082F4F6 /* BodyMassIndexTestCase.swift */; };
		4F39F9422C7F072C008DD49D /* SwiftCourse.docc in Sources */ = {isa = PBXBuildFile; fileRef = 4F39F9412C7F072C008DD49D /* SwiftCourse.docc */; };
		4F3D73EE2C7B48E600A9DCE8 /* main.swift in Sources */ = {isa = PBXBuildFile; fileRef = 4F3D73ED2C7B48E600A9DCE8 /* main.swift */; };
		4F3D74072C7B4B7300A9DCE8 /* UltimateQuestion.swift in Sources */ = {isa = PBXBuildFile; fileRef = 4F3D73F82C7B4A0400A9DCE8 /* UltimateQuestion.swift */; };
		4F3D740F2C7B4BD100A9DCE8 /* main.swift in Sources */ = {isa = PBXBuildFile; fileRef = 4F3D740E2C7B4BD100A9DCE8 /* main.swift */; };
		4F3D74212C7B4D8E00A9DCE8 /* UltimateQuestionTestCase.swift in Sources */ = {isa = PBXBuildFile; fileRef = 4F3D74112C7B4C4C00A9DCE8 /* UltimateQuestionTestCase.swift */; };
		4F3D74232C7B4D9800A9DCE8 /* UltimateQuestion.swift in Sources */ = {isa = PBXBuildFile; fileRef = 4F3D73F82C7B4A0400A9DCE8 /* UltimateQuestion.swift */; };
		4F3D74552C7B836F00A9DCE8 /* main.swift in Sources */ = {isa = PBXBuildFile; fileRef = 4F3D74542C7B836F00A9DCE8 /* main.swift */; };
		4F3D74762C7CCD6A00A9DCE8 /* Tips.swift in Sources */ = {isa = PBXBuildFile; fileRef = 4F3D74752C7CCD6A00A9DCE8 /* Tips.swift */; };
		4F3D74772C7CCD6D00A9DCE8 /* Tips.swift in Sources */ = {isa = PBXBuildFile; fileRef = 4F3D74752C7CCD6A00A9DCE8 /* Tips.swift */; };
		4F3D74792C7CCF5600A9DCE8 /* TipsTestCase.swift in Sources */ = {isa = PBXBuildFile; fileRef = 4F3D74782C7CCF5600A9DCE8 /* TipsTestCase.swift */; };
		4F3D747F2C7DB28500A9DCE8 /* FiveMinutesAgo.swift in Sources */ = {isa = PBXBuildFile; fileRef = 4F3D747E2C7DB28500A9DCE8 /* FiveMinutesAgo.swift */; };
		4F3D74802C7DB28500A9DCE8 /* FiveMinutesAgo.swift in Sources */ = {isa = PBXBuildFile; fileRef = 4F3D747E2C7DB28500A9DCE8 /* FiveMinutesAgo.swift */; };
		4F3D74822C7DB2D900A9DCE8 /* FiveMinutesAgoTestCase.swift in Sources */ = {isa = PBXBuildFile; fileRef = 4F3D74812C7DB2D900A9DCE8 /* FiveMinutesAgoTestCase.swift */; };
		4F3D74862C7DBD6D00A9DCE8 /* DigitsSum.swift in Sources */ = {isa = PBXBuildFile; fileRef = 4F3D74852C7DBD6D00A9DCE8 /* DigitsSum.swift */; };
		4F3D74872C7DBD6D00A9DCE8 /* DigitsSum.swift in Sources */ = {isa = PBXBuildFile; fileRef = 4F3D74852C7DBD6D00A9DCE8 /* DigitsSum.swift */; };
		4F3D74892C7DBDD100A9DCE8 /* DigitsSumTestCase.swift in Sources */ = {isa = PBXBuildFile; fileRef = 4F3D74882C7DBDD100A9DCE8 /* DigitsSumTestCase.swift */; };
		4F3D748D2C7DC04700A9DCE8 /* StudentInfo.swift in Sources */ = {isa = PBXBuildFile; fileRef = 4F3D748C2C7DC04700A9DCE8 /* StudentInfo.swift */; };
		4F3D748E2C7DC04A00A9DCE8 /* StudentInfo.swift in Sources */ = {isa = PBXBuildFile; fileRef = 4F3D748C2C7DC04700A9DCE8 /* StudentInfo.swift */; };
		4F3D74902C7DC0A200A9DCE8 /* StudentInfoTestCase.swift in Sources */ = {isa = PBXBuildFile; fileRef = 4F3D748F2C7DC0A200A9DCE8 /* StudentInfoTestCase.swift */; };
		4F3D74942C7DC5C900A9DCE8 /* Login.swift in Sources */ = {isa = PBXBuildFile; fileRef = 4F3D74932C7DC5C900A9DCE8 /* Login.swift */; };
		4F3D74952C7DC5CE00A9DCE8 /* Login.swift in Sources */ = {isa = PBXBuildFile; fileRef = 4F3D74932C7DC5C900A9DCE8 /* Login.swift */; };
		4F3D74972C7DC60300A9DCE8 /* LoginTestCase.swift in Sources */ = {isa = PBXBuildFile; fileRef = 4F3D74962C7DC60300A9DCE8 /* LoginTestCase.swift */; };
		4F3D749B2C7DE82200A9DCE8 /* Promotion.swift in Sources */ = {isa = PBXBuildFile; fileRef = 4F3D749A2C7DE82200A9DCE8 /* Promotion.swift */; };
		4F3D749C2C7DE82500A9DCE8 /* Promotion.swift in Sources */ = {isa = PBXBuildFile; fileRef = 4F3D749A2C7DE82200A9DCE8 /* Promotion.swift */; };
		4F3D749E2C7DE8CB00A9DCE8 /* PromotionTestCase.swift in Sources */ = {isa = PBXBuildFile; fileRef = 4F3D749D2C7DE8CB00A9DCE8 /* PromotionTestCase.swift */; };
/* End PBXBuildFile section */

/* Begin PBXCopyFilesBuildPhase section */
		4F0C798F2C8839D60082F4F6 /* CopyFiles */ = {
			isa = PBXCopyFilesBuildPhase;
			buildActionMask = 2147483647;
			dstPath = /usr/share/man/man1/;
			dstSubfolderSpec = 0;
			files = (
			);
			runOnlyForDeploymentPostprocessing = 1;
		};
		4F3D73E82C7B48E600A9DCE8 /* CopyFiles */ = {
			isa = PBXCopyFilesBuildPhase;
			buildActionMask = 2147483647;
			dstPath = /usr/share/man/man1/;
			dstSubfolderSpec = 0;
			files = (
			);
			runOnlyForDeploymentPostprocessing = 1;
		};
		4F3D74092C7B4B7300A9DCE8 /* CopyFiles */ = {
			isa = PBXCopyFilesBuildPhase;
			buildActionMask = 2147483647;
			dstPath = /usr/share/man/man1/;
			dstSubfolderSpec = 0;
			files = (
			);
			runOnlyForDeploymentPostprocessing = 1;
		};
		4F3D744C2C7B824000A9DCE8 /* CopyFiles */ = {
			isa = PBXCopyFilesBuildPhase;
			buildActionMask = 2147483647;
			dstPath = /usr/share/man/man1/;
			dstSubfolderSpec = 0;
			files = (
			);
			runOnlyForDeploymentPostprocessing = 1;
		};
/* End PBXCopyFilesBuildPhase section */

/* Begin PBXFileReference section */
		4F0C79022C86E4540082F4F6 /* how-to-use-main-file.md */ = {isa = PBXFileReference; lastKnownFileType = net.daringfireball.markdown; path = "how-to-use-main-file.md"; sourceTree = "<group>"; };
		4F0C79032C86E6C10082F4F6 /* main-scheme-select.png */ = {isa = PBXFileReference; lastKnownFileType = image.png; path = "main-scheme-select.png"; sourceTree = "<group>"; };
		4F0C79042C86E7430082F4F6 /* main-run.png */ = {isa = PBXFileReference; lastKnownFileType = image.png; path = "main-run.png"; sourceTree = "<group>"; };
		4F0C79052C86E7890082F4F6 /* task-resolve-process.md */ = {isa = PBXFileReference; lastKnownFileType = net.daringfireball.markdown; path = "task-resolve-process.md"; sourceTree = "<group>"; };
		4F0C79062C86E8F60082F4F6 /* tests-scheme.png */ = {isa = PBXFileReference; lastKnownFileType = image.png; path = "tests-scheme.png"; sourceTree = "<group>"; };
		4F0C79072C86E90B0082F4F6 /* tests-start.png */ = {isa = PBXFileReference; lastKnownFileType = image.png; path = "tests-start.png"; sourceTree = "<group>"; };
		4F0C79862C8837350082F4F6 /* readme.md */ = {isa = PBXFileReference; lastKnownFileType = net.daringfireball.markdown; path = readme.md; sourceTree = "<group>"; };
		4F0C79882C8838F00082F4F6 /* 3BranchStatements.md */ = {isa = PBXFileReference; lastKnownFileType = net.daringfireball.markdown; path = 3BranchStatements.md; sourceTree = "<group>"; };
		4F0C79892C88393F0082F4F6 /* 4Optionals.md */ = {isa = PBXFileReference; lastKnownFileType = net.daringfireball.markdown; path = 4Optionals.md; sourceTree = "<group>"; };
		4F0C79942C8839D60082F4F6 /* BranchStatements */ = {isa = PBXFileReference; explicitFileType = "compiled.mach-o.executable"; includeInIndex = 0; path = BranchStatements; sourceTree = BUILT_PRODUCTS_DIR; };
		4F0C79952C8839F80082F4F6 /* main.swift */ = {isa = PBXFileReference; lastKnownFileType = sourcecode.swift; path = main.swift; sourceTree = "<group>"; };
		4F0C79982C883A730082F4F6 /* readme.md */ = {isa = PBXFileReference; lastKnownFileType = net.daringfireball.markdown; path = readme.md; sourceTree = "<group>"; };
		4F0C79A22C883CCB0082F4F6 /* BranchStatementsTests.xctest */ = {isa = PBXFileReference; explicitFileType = wrapper.cfbundle; includeInIndex = 0; path = BranchStatementsTests.xctest; sourceTree = BUILT_PRODUCTS_DIR; };
		4F0C79A42C883D070082F4F6 /* Score.swift */ = {isa = PBXFileReference; lastKnownFileType = sourcecode.swift; path = Score.swift; sourceTree = "<group>"; };
		4F0C79A72C883D8D0082F4F6 /* BranchStatements.xctestplan */ = {isa = PBXFileReference; lastKnownFileType = text; path = BranchStatements.xctestplan; sourceTree = "<group>"; };
		4F0C79A82C883DBA0082F4F6 /* ScoreTestCase.swift */ = {isa = PBXFileReference; lastKnownFileType = sourcecode.swift; path = ScoreTestCase.swift; sourceTree = "<group>"; };
		4F0C79AB2C883FFE0082F4F6 /* readme.md */ = {isa = PBXFileReference; lastKnownFileType = net.daringfireball.markdown; path = readme.md; sourceTree = "<group>"; };
		4F0C79AC2C88400D0082F4F6 /* SimpleCalculator.swift */ = {isa = PBXFileReference; lastKnownFileType = sourcecode.swift; path = SimpleCalculator.swift; sourceTree = "<group>"; };
		4F0C79AF2C88427F0082F4F6 /* SimpleCalculatorTestCase.swift */ = {isa = PBXFileReference; lastKnownFileType = sourcecode.swift; path = SimpleCalculatorTestCase.swift; sourceTree = "<group>"; };
		4F0C79B22C8843810082F4F6 /* FloatingPoint+Compare.swift */ = {isa = PBXFileReference; lastKnownFileType = sourcecode.swift; path = "FloatingPoint+Compare.swift"; sourceTree = "<group>"; };
		4F0C79BA2C8845850082F4F6 /* readme.md */ = {isa = PBXFileReference; lastKnownFileType = net.daringfireball.markdown; path = readme.md; sourceTree = "<group>"; };
		4F0C79BB2C8847DD0082F4F6 /* EvenNumber.swift */ = {isa = PBXFileReference; lastKnownFileType = sourcecode.swift; path = EvenNumber.swift; sourceTree = "<group>"; };
		4F0C79BE2C8848260082F4F6 /* EvenNumberTestCase.swift */ = {isa = PBXFileReference; lastKnownFileType = sourcecode.swift; path = EvenNumberTestCase.swift; sourceTree = "<group>"; };
		4F0C79C12C884A2B0082F4F6 /* readme.md */ = {isa = PBXFileReference; lastKnownFileType = net.daringfireball.markdown; path = readme.md; sourceTree = "<group>"; };
		4F0C79C22C884BAB0082F4F6 /* Bonus.swift */ = {isa = PBXFileReference; lastKnownFileType = sourcecode.swift; path = Bonus.swift; sourceTree = "<group>"; };
		4F0C79C52C884BE10082F4F6 /* BonusTestCase.swift */ = {isa = PBXFileReference; lastKnownFileType = sourcecode.swift; path = BonusTestCase.swift; sourceTree = "<group>"; };
		4F0C79C82C8852810082F4F6 /* readme.md */ = {isa = PBXFileReference; lastKnownFileType = net.daringfireball.markdown; path = readme.md; sourceTree = "<group>"; };
		4F0C79C92C88571B0082F4F6 /* CreditRating.swift */ = {isa = PBXFileReference; lastKnownFileType = sourcecode.swift; path = CreditRating.swift; sourceTree = "<group>"; };
		4F0C79CC2C8857710082F4F6 /* CreditRatingTestCase.swift */ = {isa = PBXFileReference; lastKnownFileType = sourcecode.swift; path = CreditRatingTestCase.swift; sourceTree = "<group>"; };
		4F0C79CF2C8873870082F4F6 /* readme.md */ = {isa = PBXFileReference; lastKnownFileType = net.daringfireball.markdown; path = readme.md; sourceTree = "<group>"; };
		4F0C79D02C8876990082F4F6 /* BodyMassIndex.swift */ = {isa = PBXFileReference; lastKnownFileType = sourcecode.swift; path = BodyMassIndex.swift; sourceTree = "<group>"; };
		4F0C79D32C8876EE0082F4F6 /* BodyMassIndexTestCase.swift */ = {isa = PBXFileReference; lastKnownFileType = sourcecode.swift; path = BodyMassIndexTestCase.swift; sourceTree = "<group>"; };
		4F39F9412C7F072C008DD49D /* SwiftCourse.docc */ = {isa = PBXFileReference; lastKnownFileType = folder.documentationcatalog; path = SwiftCourse.docc; sourceTree = "<group>"; };
		4F3D73EA2C7B48E600A9DCE8 /* PrimitiveTypes */ = {isa = PBXFileReference; explicitFileType = "compiled.mach-o.executable"; includeInIndex = 0; path = PrimitiveTypes; sourceTree = BUILT_PRODUCTS_DIR; };
		4F3D73ED2C7B48E600A9DCE8 /* main.swift */ = {isa = PBXFileReference; lastKnownFileType = sourcecode.swift; path = main.swift; sourceTree = "<group>"; };
		4F3D73F82C7B4A0400A9DCE8 /* UltimateQuestion.swift */ = {isa = PBXFileReference; lastKnownFileType = sourcecode.swift; path = UltimateQuestion.swift; sourceTree = "<group>"; };
		4F3D740D2C7B4B7300A9DCE8 /* Tutorial */ = {isa = PBXFileReference; explicitFileType = "compiled.mach-o.executable"; includeInIndex = 0; path = Tutorial; sourceTree = BUILT_PRODUCTS_DIR; };
		4F3D740E2C7B4BD100A9DCE8 /* main.swift */ = {isa = PBXFileReference; lastKnownFileType = sourcecode.swift; path = main.swift; sourceTree = "<group>"; };
		4F3D74112C7B4C4C00A9DCE8 /* UltimateQuestionTestCase.swift */ = {isa = PBXFileReference; lastKnownFileType = sourcecode.swift; path = UltimateQuestionTestCase.swift; sourceTree = "<group>"; };
		4F3D74172C7B4C8400A9DCE8 /* TutorialTests.xctest */ = {isa = PBXFileReference; explicitFileType = wrapper.cfbundle; includeInIndex = 0; path = TutorialTests.xctest; sourceTree = BUILT_PRODUCTS_DIR; };
		4F3D74202C7B4D2900A9DCE8 /* Tutorial.xctestplan */ = {isa = PBXFileReference; lastKnownFileType = text; path = Tutorial.xctestplan; sourceTree = "<group>"; };
		4F3D74282C7B4F7C00A9DCE8 /* PrimitiveTypesTests.xctest */ = {isa = PBXFileReference; explicitFileType = wrapper.cfbundle; includeInIndex = 0; path = PrimitiveTypesTests.xctest; sourceTree = BUILT_PRODUCTS_DIR; };
		4F3D74312C7B4FB900A9DCE8 /* PrimitiveTypes.xctestplan */ = {isa = PBXFileReference; lastKnownFileType = text; path = PrimitiveTypes.xctestplan; sourceTree = "<group>"; };
		4F3D74512C7B824000A9DCE8 /* SwiftCourse */ = {isa = PBXFileReference; explicitFileType = "compiled.mach-o.executable"; includeInIndex = 0; path = SwiftCourse; sourceTree = BUILT_PRODUCTS_DIR; };
		4F3D74542C7B836F00A9DCE8 /* main.swift */ = {isa = PBXFileReference; fileEncoding = 4; lastKnownFileType = sourcecode.swift; path = main.swift; sourceTree = "<group>"; };
		4F3D74582C7B855900A9DCE8 /* readme.md */ = {isa = PBXFileReference; lastKnownFileType = net.daringfireball.markdown; path = readme.md; sourceTree = SOURCE_ROOT; };
		4F3D74592C7B8C2700A9DCE8 /* readme.md */ = {isa = PBXFileReference; lastKnownFileType = net.daringfireball.markdown; path = readme.md; sourceTree = "<group>"; };
		4F3D745A2C7B8CB000A9DCE8 /* readme.md */ = {isa = PBXFileReference; lastKnownFileType = net.daringfireball.markdown; path = readme.md; sourceTree = "<group>"; };
		4F3D74742C7CCB6B00A9DCE8 /* readme.md */ = {isa = PBXFileReference; lastKnownFileType = net.daringfireball.markdown; path = readme.md; sourceTree = "<group>"; };
		4F3D74752C7CCD6A00A9DCE8 /* Tips.swift */ = {isa = PBXFileReference; lastKnownFileType = sourcecode.swift; path = Tips.swift; sourceTree = "<group>"; };
		4F3D74782C7CCF5600A9DCE8 /* TipsTestCase.swift */ = {isa = PBXFileReference; lastKnownFileType = sourcecode.swift; path = TipsTestCase.swift; sourceTree = "<group>"; };
		4F3D747A2C7CCFEF00A9DCE8 /* readme.md */ = {isa = PBXFileReference; lastKnownFileType = net.daringfireball.markdown; path = readme.md; sourceTree = "<group>"; };
		4F3D747B2C7CD14400A9DCE8 /* readme.md */ = {isa = PBXFileReference; lastKnownFileType = net.daringfireball.markdown; path = readme.md; sourceTree = "<group>"; };
		4F3D747D2C7DAFB400A9DCE8 /* readme.md */ = {isa = PBXFileReference; lastKnownFileType = net.daringfireball.markdown; path = readme.md; sourceTree = "<group>"; };
		4F3D747E2C7DB28500A9DCE8 /* FiveMinutesAgo.swift */ = {isa = PBXFileReference; lastKnownFileType = sourcecode.swift; path = FiveMinutesAgo.swift; sourceTree = "<group>"; };
		4F3D74812C7DB2D900A9DCE8 /* FiveMinutesAgoTestCase.swift */ = {isa = PBXFileReference; lastKnownFileType = sourcecode.swift; path = FiveMinutesAgoTestCase.swift; sourceTree = "<group>"; };
		4F3D74842C7DBC5800A9DCE8 /* readme.md */ = {isa = PBXFileReference; lastKnownFileType = net.daringfireball.markdown; path = readme.md; sourceTree = "<group>"; };
		4F3D74852C7DBD6D00A9DCE8 /* DigitsSum.swift */ = {isa = PBXFileReference; lastKnownFileType = sourcecode.swift; path = DigitsSum.swift; sourceTree = "<group>"; };
		4F3D74882C7DBDD100A9DCE8 /* DigitsSumTestCase.swift */ = {isa = PBXFileReference; lastKnownFileType = sourcecode.swift; path = DigitsSumTestCase.swift; sourceTree = "<group>"; };
		4F3D748B2C7DBEB100A9DCE8 /* readme.md */ = {isa = PBXFileReference; lastKnownFileType = net.daringfireball.markdown; path = readme.md; sourceTree = "<group>"; };
		4F3D748C2C7DC04700A9DCE8 /* StudentInfo.swift */ = {isa = PBXFileReference; lastKnownFileType = sourcecode.swift; path = StudentInfo.swift; sourceTree = "<group>"; };
		4F3D748F2C7DC0A200A9DCE8 /* StudentInfoTestCase.swift */ = {isa = PBXFileReference; lastKnownFileType = sourcecode.swift; path = StudentInfoTestCase.swift; sourceTree = "<group>"; };
		4F3D74922C7DC29500A9DCE8 /* readme.md */ = {isa = PBXFileReference; lastKnownFileType = net.daringfireball.markdown; path = readme.md; sourceTree = "<group>"; };
		4F3D74932C7DC5C900A9DCE8 /* Login.swift */ = {isa = PBXFileReference; lastKnownFileType = sourcecode.swift; path = Login.swift; sourceTree = "<group>"; };
		4F3D74962C7DC60300A9DCE8 /* LoginTestCase.swift */ = {isa = PBXFileReference; lastKnownFileType = sourcecode.swift; path = LoginTestCase.swift; sourceTree = "<group>"; };
		4F3D74992C7DC71B00A9DCE8 /* readme.md */ = {isa = PBXFileReference; lastKnownFileType = net.daringfireball.markdown; path = readme.md; sourceTree = "<group>"; };
		4F3D749A2C7DE82200A9DCE8 /* Promotion.swift */ = {isa = PBXFileReference; lastKnownFileType = sourcecode.swift; path = Promotion.swift; sourceTree = "<group>"; };
		4F3D749D2C7DE8CB00A9DCE8 /* PromotionTestCase.swift */ = {isa = PBXFileReference; lastKnownFileType = sourcecode.swift; path = PromotionTestCase.swift; sourceTree = "<group>"; };
		4F3D749F2C7DEA5C00A9DCE8 /* 1TypesVariables.md */ = {isa = PBXFileReference; lastKnownFileType = net.daringfireball.markdown; path = 1TypesVariables.md; sourceTree = "<group>"; };
		4F3D74A02C7DEB2600A9DCE8 /* 2BasicOperators.md */ = {isa = PBXFileReference; lastKnownFileType = net.daringfireball.markdown; path = 2BasicOperators.md; sourceTree = "<group>"; };
		4F82732E2C80528B003D4571 /* linter.md */ = {isa = PBXFileReference; lastKnownFileType = net.daringfireball.markdown; path = linter.md; sourceTree = "<group>"; };
		4F82732F2C80528B003D4571 /* repo-description.md */ = {isa = PBXFileReference; lastKnownFileType = net.daringfireball.markdown; path = "repo-description.md"; sourceTree = "<group>"; };
		4F8273302C80528B003D4571 /* division.png */ = {isa = PBXFileReference; lastKnownFileType = image.png; path = division.png; sourceTree = "<group>"; };
/* End PBXFileReference section */

/* Begin PBXFrameworksBuildPhase section */
		4F0C798E2C8839D60082F4F6 /* Frameworks */ = {
			isa = PBXFrameworksBuildPhase;
			buildActionMask = 2147483647;
			files = (
			);
			runOnlyForDeploymentPostprocessing = 0;
		};
		4F0C799D2C883CCB0082F4F6 /* Frameworks */ = {
			isa = PBXFrameworksBuildPhase;
			buildActionMask = 2147483647;
			files = (
			);
			runOnlyForDeploymentPostprocessing = 0;
		};
		4F3D73E72C7B48E600A9DCE8 /* Frameworks */ = {
			isa = PBXFrameworksBuildPhase;
			buildActionMask = 2147483647;
			files = (
			);
			runOnlyForDeploymentPostprocessing = 0;
		};
		4F3D74082C7B4B7300A9DCE8 /* Frameworks */ = {
			isa = PBXFrameworksBuildPhase;
			buildActionMask = 2147483647;
			files = (
			);
			runOnlyForDeploymentPostprocessing = 0;
		};
		4F3D74142C7B4C8400A9DCE8 /* Frameworks */ = {
			isa = PBXFrameworksBuildPhase;
			buildActionMask = 2147483647;
			files = (
			);
			runOnlyForDeploymentPostprocessing = 0;
		};
		4F3D74252C7B4F7C00A9DCE8 /* Frameworks */ = {
			isa = PBXFrameworksBuildPhase;
			buildActionMask = 2147483647;
			files = (
			);
			runOnlyForDeploymentPostprocessing = 0;
		};
		4F3D744B2C7B824000A9DCE8 /* Frameworks */ = {
			isa = PBXFrameworksBuildPhase;
			buildActionMask = 2147483647;
			files = (
			);
			runOnlyForDeploymentPostprocessing = 0;
		};
/* End PBXFrameworksBuildPhase section */

/* Begin PBXGroup section */
		4F0C79852C8837140082F4F6 /* BranchStatements */ = {
			isa = PBXGroup;
			children = (
				4F0C79862C8837350082F4F6 /* readme.md */,
				4F0C79952C8839F80082F4F6 /* main.swift */,
				4F0C79AA2C883FBC0082F4F6 /* SimpleCalculator */,
				4F0C79B92C8845690082F4F6 /* EvenNumber */,
				4F0C79C02C884A150082F4F6 /* Bonus */,
				4F0C79972C883A180082F4F6 /* Score */,
				4F0C79CE2C8873730082F4F6 /* BodyMassIndex */,
				4F0C79C72C8852700082F4F6 /* CreditRating */,
			);
			path = BranchStatements;
			sourceTree = "<group>";
		};
		4F0C79972C883A180082F4F6 /* Score */ = {
			isa = PBXGroup;
			children = (
				4F0C79982C883A730082F4F6 /* readme.md */,
				4F0C79A42C883D070082F4F6 /* Score.swift */,
			);
			path = Score;
			sourceTree = "<group>";
		};
		4F0C79A32C883CF00082F4F6 /* BranchStatements */ = {
			isa = PBXGroup;
			children = (
				4F0C79A72C883D8D0082F4F6 /* BranchStatements.xctestplan */,
				4F0C79AF2C88427F0082F4F6 /* SimpleCalculatorTestCase.swift */,
				4F0C79BE2C8848260082F4F6 /* EvenNumberTestCase.swift */,
				4F0C79A82C883DBA0082F4F6 /* ScoreTestCase.swift */,
				4F0C79C52C884BE10082F4F6 /* BonusTestCase.swift */,
				4F0C79CC2C8857710082F4F6 /* CreditRatingTestCase.swift */,
				4F0C79D32C8876EE0082F4F6 /* BodyMassIndexTestCase.swift */,
			);
			path = BranchStatements;
			sourceTree = "<group>";
		};
		4F0C79AA2C883FBC0082F4F6 /* SimpleCalculator */ = {
			isa = PBXGroup;
			children = (
				4F0C79AB2C883FFE0082F4F6 /* readme.md */,
				4F0C79AC2C88400D0082F4F6 /* SimpleCalculator.swift */,
			);
			path = SimpleCalculator;
			sourceTree = "<group>";
		};
		4F0C79B12C8843710082F4F6 /* Helpers */ = {
			isa = PBXGroup;
			children = (
				4F0C79B22C8843810082F4F6 /* FloatingPoint+Compare.swift */,
			);
			path = Helpers;
			sourceTree = "<group>";
		};
		4F0C79B92C8845690082F4F6 /* EvenNumber */ = {
			isa = PBXGroup;
			children = (
				4F0C79BA2C8845850082F4F6 /* readme.md */,
				4F0C79BB2C8847DD0082F4F6 /* EvenNumber.swift */,
			);
			path = EvenNumber;
			sourceTree = "<group>";
		};
		4F0C79C02C884A150082F4F6 /* Bonus */ = {
			isa = PBXGroup;
			children = (
				4F0C79C12C884A2B0082F4F6 /* readme.md */,
				4F0C79C22C884BAB0082F4F6 /* Bonus.swift */,
			);
			path = Bonus;
			sourceTree = "<group>";
		};
		4F0C79C72C8852700082F4F6 /* CreditRating */ = {
			isa = PBXGroup;
			children = (
				4F0C79C82C8852810082F4F6 /* readme.md */,
				4F0C79C92C88571B0082F4F6 /* CreditRating.swift */,
			);
			path = CreditRating;
			sourceTree = "<group>";
		};
		4F0C79CE2C8873730082F4F6 /* BodyMassIndex */ = {
			isa = PBXGroup;
			children = (
				4F0C79CF2C8873870082F4F6 /* readme.md */,
				4F0C79D02C8876990082F4F6 /* BodyMassIndex.swift */,
			);
			path = BodyMassIndex;
			sourceTree = "<group>";
		};
		4F0F4AFC2C84C10800E45523 /* Docs */ = {
			isa = PBXGroup;
			children = (
				4F82732E2C80528B003D4571 /* linter.md */,
				4F82732F2C80528B003D4571 /* repo-description.md */,
				4F0C79022C86E4540082F4F6 /* how-to-use-main-file.md */,
				4F0C79052C86E7890082F4F6 /* task-resolve-process.md */,
			);
			path = Docs;
			sourceTree = "<group>";
		};
		4F0F4AFD2C84C13700E45523 /* Tests */ = {
			isa = PBXGroup;
			children = (
				4F3D74102C7B4C2300A9DCE8 /* Tutorial */,
				4F3D74302C7B4FAC00A9DCE8 /* PrimitiveTypes */,
				4F0C79A32C883CF00082F4F6 /* BranchStatements */,
			);
			path = Tests;
			sourceTree = "<group>";
		};
		4F0F4AFE2C84C18900E45523 /* Synopsis */ = {
			isa = PBXGroup;
			children = (
				4F3D749F2C7DEA5C00A9DCE8 /* 1TypesVariables.md */,
				4F3D74A02C7DEB2600A9DCE8 /* 2BasicOperators.md */,
				4F0C79882C8838F00082F4F6 /* 3BranchStatements.md */,
				4F0C79892C88393F0082F4F6 /* 4Optionals.md */,
			);
			path = Synopsis;
			sourceTree = "<group>";
		};
		4F3D73E12C7B48E600A9DCE8 = {
			isa = PBXGroup;
			children = (
				4F3D74582C7B855900A9DCE8 /* readme.md */,
				4F3D73EC2C7B48E600A9DCE8 /* SwiftCourse */,
				4F3D73EB2C7B48E600A9DCE8 /* Products */,
			);
			sourceTree = "<group>";
		};
		4F3D73EB2C7B48E600A9DCE8 /* Products */ = {
			isa = PBXGroup;
			children = (
				4F3D73EA2C7B48E600A9DCE8 /* PrimitiveTypes */,
				4F3D740D2C7B4B7300A9DCE8 /* Tutorial */,
				4F3D74172C7B4C8400A9DCE8 /* TutorialTests.xctest */,
				4F3D74282C7B4F7C00A9DCE8 /* PrimitiveTypesTests.xctest */,
				4F3D74512C7B824000A9DCE8 /* SwiftCourse */,
				4F0C79942C8839D60082F4F6 /* BranchStatements */,
				4F0C79A22C883CCB0082F4F6 /* BranchStatementsTests.xctest */,
			);
			name = Products;
			sourceTree = "<group>";
		};
		4F3D73EC2C7B48E600A9DCE8 /* SwiftCourse */ = {
			isa = PBXGroup;
			children = (
				4F3D73F42C7B495F00A9DCE8 /* Exercises */,
				4F3D74532C7B832900A9DCE8 /* Support */,
			);
			path = SwiftCourse;
			sourceTree = "<group>";
		};
		4F3D73F42C7B495F00A9DCE8 /* Exercises */ = {
			isa = PBXGroup;
			children = (
				4F3D74592C7B8C2700A9DCE8 /* readme.md */,
				4F3D73F62C7B49E700A9DCE8 /* Tutorial */,
				4F3D73F52C7B49AB00A9DCE8 /* PrimitiveTypes */,
				4F0C79852C8837140082F4F6 /* BranchStatements */,
			);
			path = Exercises;
			sourceTree = "<group>";
		};
		4F3D73F52C7B49AB00A9DCE8 /* PrimitiveTypes */ = {
			isa = PBXGroup;
			children = (
				4F3D745A2C7B8CB000A9DCE8 /* readme.md */,
				4F3D73ED2C7B48E600A9DCE8 /* main.swift */,
				4F3D74732C7CB95300A9DCE8 /* Tips */,
				4F3D747C2C7DAF9400A9DCE8 /* FiveMinutesAgo */,
				4F3D74832C7DBC1100A9DCE8 /* DigitsSum */,
				4F3D748A2C7DBE9300A9DCE8 /* StudentInfo */,
				4F3D74912C7DC27F00A9DCE8 /* Login */,
				4F3D74982C7DC6FB00A9DCE8 /* Promotion */,
			);
			path = PrimitiveTypes;
			sourceTree = "<group>";
		};
		4F3D73F62C7B49E700A9DCE8 /* Tutorial */ = {
			isa = PBXGroup;
			children = (
				4F3D747B2C7CD14400A9DCE8 /* readme.md */,
				4F3D740E2C7B4BD100A9DCE8 /* main.swift */,
				4F3D73F72C7B49F200A9DCE8 /* UltimateQuestion */,
			);
			path = Tutorial;
			sourceTree = "<group>";
		};
		4F3D73F72C7B49F200A9DCE8 /* UltimateQuestion */ = {
			isa = PBXGroup;
			children = (
				4F3D747A2C7CCFEF00A9DCE8 /* readme.md */,
				4F3D73F82C7B4A0400A9DCE8 /* UltimateQuestion.swift */,
			);
			path = UltimateQuestion;
			sourceTree = "<group>";
		};
		4F3D74102C7B4C2300A9DCE8 /* Tutorial */ = {
			isa = PBXGroup;
			children = (
				4F3D74202C7B4D2900A9DCE8 /* Tutorial.xctestplan */,
				4F3D74112C7B4C4C00A9DCE8 /* UltimateQuestionTestCase.swift */,
			);
			path = Tutorial;
			sourceTree = "<group>";
		};
		4F3D74302C7B4FAC00A9DCE8 /* PrimitiveTypes */ = {
			isa = PBXGroup;
			children = (
				4F3D74312C7B4FB900A9DCE8 /* PrimitiveTypes.xctestplan */,
				4F3D74782C7CCF5600A9DCE8 /* TipsTestCase.swift */,
				4F3D74812C7DB2D900A9DCE8 /* FiveMinutesAgoTestCase.swift */,
				4F3D74882C7DBDD100A9DCE8 /* DigitsSumTestCase.swift */,
				4F3D748F2C7DC0A200A9DCE8 /* StudentInfoTestCase.swift */,
				4F3D74962C7DC60300A9DCE8 /* LoginTestCase.swift */,
				4F3D749D2C7DE8CB00A9DCE8 /* PromotionTestCase.swift */,
			);
			path = PrimitiveTypes;
			sourceTree = "<group>";
		};
		4F3D74532C7B832900A9DCE8 /* Support */ = {
			isa = PBXGroup;
			children = (
				4F0C79B12C8843710082F4F6 /* Helpers */,
				4F0F4AFE2C84C18900E45523 /* Synopsis */,
				4F0F4AFD2C84C13700E45523 /* Tests */,
				4F0F4AFC2C84C10800E45523 /* Docs */,
				4F82732D2C80526E003D4571 /* DocC */,
				4F8273312C80528B003D4571 /* Resources */,
			);
			path = Support;
			sourceTree = "<group>";
		};
		4F3D74732C7CB95300A9DCE8 /* Tips */ = {
			isa = PBXGroup;
			children = (
				4F3D74742C7CCB6B00A9DCE8 /* readme.md */,
				4F3D74752C7CCD6A00A9DCE8 /* Tips.swift */,
			);
			path = Tips;
			sourceTree = "<group>";
		};
		4F3D747C2C7DAF9400A9DCE8 /* FiveMinutesAgo */ = {
			isa = PBXGroup;
			children = (
				4F3D747D2C7DAFB400A9DCE8 /* readme.md */,
				4F3D747E2C7DB28500A9DCE8 /* FiveMinutesAgo.swift */,
			);
			path = FiveMinutesAgo;
			sourceTree = "<group>";
		};
		4F3D74832C7DBC1100A9DCE8 /* DigitsSum */ = {
			isa = PBXGroup;
			children = (
				4F3D74842C7DBC5800A9DCE8 /* readme.md */,
				4F3D74852C7DBD6D00A9DCE8 /* DigitsSum.swift */,
			);
			path = DigitsSum;
			sourceTree = "<group>";
		};
		4F3D748A2C7DBE9300A9DCE8 /* StudentInfo */ = {
			isa = PBXGroup;
			children = (
				4F3D748B2C7DBEB100A9DCE8 /* readme.md */,
				4F3D748C2C7DC04700A9DCE8 /* StudentInfo.swift */,
			);
			path = StudentInfo;
			sourceTree = "<group>";
		};
		4F3D74912C7DC27F00A9DCE8 /* Login */ = {
			isa = PBXGroup;
			children = (
				4F3D74922C7DC29500A9DCE8 /* readme.md */,
				4F3D74932C7DC5C900A9DCE8 /* Login.swift */,
			);
			path = Login;
			sourceTree = "<group>";
		};
		4F3D74982C7DC6FB00A9DCE8 /* Promotion */ = {
			isa = PBXGroup;
			children = (
				4F3D74992C7DC71B00A9DCE8 /* readme.md */,
				4F3D749A2C7DE82200A9DCE8 /* Promotion.swift */,
			);
			path = Promotion;
			sourceTree = "<group>";
		};
		4F82732D2C80526E003D4571 /* DocC */ = {
			isa = PBXGroup;
			children = (
				4F3D74542C7B836F00A9DCE8 /* main.swift */,
				4F39F9412C7F072C008DD49D /* SwiftCourse.docc */,
			);
			path = DocC;
			sourceTree = "<group>";
		};
		4F8273312C80528B003D4571 /* Resources */ = {
			isa = PBXGroup;
			children = (
				4F8273302C80528B003D4571 /* division.png */,
				4F0C79032C86E6C10082F4F6 /* main-scheme-select.png */,
				4F0C79042C86E7430082F4F6 /* main-run.png */,
				4F0C79062C86E8F60082F4F6 /* tests-scheme.png */,
				4F0C79072C86E90B0082F4F6 /* tests-start.png */,
			);
			path = Resources;
			sourceTree = "<group>";
		};
/* End PBXGroup section */

/* Begin PBXNativeTarget section */
		4F0C798A2C8839D60082F4F6 /* BranchStatements */ = {
			isa = PBXNativeTarget;
			buildConfigurationList = 4F0C79912C8839D60082F4F6 /* Build configuration list for PBXNativeTarget "BranchStatements" */;
			buildPhases = (
				4F0C798B2C8839D60082F4F6 /* Sources */,
				4F0C798E2C8839D60082F4F6 /* Frameworks */,
				4F0C798F2C8839D60082F4F6 /* CopyFiles */,
				4F0C79902C8839D60082F4F6 /* SwiftLint */,
			);
			buildRules = (
			);
			dependencies = (
			);
			name = BranchStatements;
			productName = SwiftCourse;
			productReference = 4F0C79942C8839D60082F4F6 /* BranchStatements */;
			productType = "com.apple.product-type.tool";
		};
		4F0C79992C883CCB0082F4F6 /* BranchStatementsTests */ = {
			isa = PBXNativeTarget;
			buildConfigurationList = 4F0C799F2C883CCB0082F4F6 /* Build configuration list for PBXNativeTarget "BranchStatementsTests" */;
			buildPhases = (
				4F0C799A2C883CCB0082F4F6 /* Sources */,
				4F0C799D2C883CCB0082F4F6 /* Frameworks */,
				4F0C799E2C883CCB0082F4F6 /* Resources */,
			);
			buildRules = (
			);
			dependencies = (
			);
			name = BranchStatementsTests;
			productName = TutorialTests;
			productReference = 4F0C79A22C883CCB0082F4F6 /* BranchStatementsTests.xctest */;
			productType = "com.apple.product-type.bundle.unit-test";
		};
		4F3D73E92C7B48E600A9DCE8 /* PrimitiveTypes */ = {
			isa = PBXNativeTarget;
			buildConfigurationList = 4F3D73F12C7B48E600A9DCE8 /* Build configuration list for PBXNativeTarget "PrimitiveTypes" */;
			buildPhases = (
				4F3D73E62C7B48E600A9DCE8 /* Sources */,
				4F3D73E72C7B48E600A9DCE8 /* Frameworks */,
				4F3D73E82C7B48E600A9DCE8 /* CopyFiles */,
				4F3D74332C7B504400A9DCE8 /* SwiftLint */,
			);
			buildRules = (
			);
			dependencies = (
			);
			name = PrimitiveTypes;
			productName = SwiftCourse;
			productReference = 4F3D73EA2C7B48E600A9DCE8 /* PrimitiveTypes */;
			productType = "com.apple.product-type.tool";
		};
		4F3D74042C7B4B7300A9DCE8 /* Tutorial */ = {
			isa = PBXNativeTarget;
			buildConfigurationList = 4F3D740A2C7B4B7300A9DCE8 /* Build configuration list for PBXNativeTarget "Tutorial" */;
			buildPhases = (
				4F3D74052C7B4B7300A9DCE8 /* Sources */,
				4F3D74082C7B4B7300A9DCE8 /* Frameworks */,
				4F3D74092C7B4B7300A9DCE8 /* CopyFiles */,
				4F3D74322C7B501A00A9DCE8 /* SwiftLint */,
			);
			buildRules = (
			);
			dependencies = (
			);
			name = Tutorial;
			productName = SwiftCourse;
			productReference = 4F3D740D2C7B4B7300A9DCE8 /* Tutorial */;
			productType = "com.apple.product-type.tool";
		};
		4F3D74162C7B4C8400A9DCE8 /* TutorialTests */ = {
			isa = PBXNativeTarget;
			buildConfigurationList = 4F3D741B2C7B4C8400A9DCE8 /* Build configuration list for PBXNativeTarget "TutorialTests" */;
			buildPhases = (
				4F3D74132C7B4C8400A9DCE8 /* Sources */,
				4F3D74142C7B4C8400A9DCE8 /* Frameworks */,
				4F3D74152C7B4C8400A9DCE8 /* Resources */,
			);
			buildRules = (
			);
			dependencies = (
			);
			name = TutorialTests;
			productName = TutorialTests;
			productReference = 4F3D74172C7B4C8400A9DCE8 /* TutorialTests.xctest */;
			productType = "com.apple.product-type.bundle.unit-test";
		};
		4F3D74272C7B4F7C00A9DCE8 /* PrimitiveTypesTests */ = {
			isa = PBXNativeTarget;
			buildConfigurationList = 4F3D742C2C7B4F7C00A9DCE8 /* Build configuration list for PBXNativeTarget "PrimitiveTypesTests" */;
			buildPhases = (
				4F3D74242C7B4F7C00A9DCE8 /* Sources */,
				4F3D74252C7B4F7C00A9DCE8 /* Frameworks */,
				4F3D74262C7B4F7C00A9DCE8 /* Resources */,
			);
			buildRules = (
			);
			dependencies = (
			);
			name = PrimitiveTypesTests;
			productName = VariablesTests;
			productReference = 4F3D74282C7B4F7C00A9DCE8 /* PrimitiveTypesTests.xctest */;
			productType = "com.apple.product-type.bundle.unit-test";
		};
		4F3D74462C7B824000A9DCE8 /* SwiftCourse */ = {
			isa = PBXNativeTarget;
			buildConfigurationList = 4F3D744E2C7B824000A9DCE8 /* Build configuration list for PBXNativeTarget "SwiftCourse" */;
			buildPhases = (
				4F3D74472C7B824000A9DCE8 /* Sources */,
				4F3D744B2C7B824000A9DCE8 /* Frameworks */,
				4F3D744C2C7B824000A9DCE8 /* CopyFiles */,
				4F3D744D2C7B824000A9DCE8 /* SwiftLint */,
			);
			buildRules = (
			);
			dependencies = (
			);
			name = SwiftCourse;
			productName = SwiftCourse;
			productReference = 4F3D74512C7B824000A9DCE8 /* SwiftCourse */;
			productType = "com.apple.product-type.tool";
		};
/* End PBXNativeTarget section */

/* Begin PBXProject section */
		4F3D73E22C7B48E600A9DCE8 /* Project object */ = {
			isa = PBXProject;
			attributes = {
				BuildIndependentTargetsInParallel = 1;
				LastSwiftUpdateCheck = 1530;
				LastUpgradeCheck = 1530;
				TargetAttributes = {
					4F0C79992C883CCB0082F4F6 = {
						LastSwiftMigration = 1530;
					};
					4F3D73E92C7B48E600A9DCE8 = {
						CreatedOnToolsVersion = 15.3;
					};
					4F3D74162C7B4C8400A9DCE8 = {
						CreatedOnToolsVersion = 15.3;
					};
					4F3D74272C7B4F7C00A9DCE8 = {
						CreatedOnToolsVersion = 15.3;
					};
					4F3D74462C7B824000A9DCE8 = {
						LastSwiftMigration = 1530;
					};
				};
			};
			buildConfigurationList = 4F3D73E52C7B48E600A9DCE8 /* Build configuration list for PBXProject "SwiftCourse" */;
			compatibilityVersion = "Xcode 14.0";
			developmentRegion = en;
			hasScannedForEncodings = 0;
			knownRegions = (
				en,
				Base,
			);
			mainGroup = 4F3D73E12C7B48E600A9DCE8;
			productRefGroup = 4F3D73EB2C7B48E600A9DCE8 /* Products */;
			projectDirPath = "";
			projectRoot = "";
			targets = (
				4F3D74462C7B824000A9DCE8 /* SwiftCourse */,
				4F3D74042C7B4B7300A9DCE8 /* Tutorial */,
				4F3D74162C7B4C8400A9DCE8 /* TutorialTests */,
				4F3D73E92C7B48E600A9DCE8 /* PrimitiveTypes */,
				4F3D74272C7B4F7C00A9DCE8 /* PrimitiveTypesTests */,
				4F0C798A2C8839D60082F4F6 /* BranchStatements */,
				4F0C79992C883CCB0082F4F6 /* BranchStatementsTests */,
			);
		};
/* End PBXProject section */

/* Begin PBXResourcesBuildPhase section */
		4F0C799E2C883CCB0082F4F6 /* Resources */ = {
			isa = PBXResourcesBuildPhase;
			buildActionMask = 2147483647;
			files = (
			);
			runOnlyForDeploymentPostprocessing = 0;
		};
		4F3D74152C7B4C8400A9DCE8 /* Resources */ = {
			isa = PBXResourcesBuildPhase;
			buildActionMask = 2147483647;
			files = (
			);
			runOnlyForDeploymentPostprocessing = 0;
		};
		4F3D74262C7B4F7C00A9DCE8 /* Resources */ = {
			isa = PBXResourcesBuildPhase;
			buildActionMask = 2147483647;
			files = (
			);
			runOnlyForDeploymentPostprocessing = 0;
		};
/* End PBXResourcesBuildPhase section */

/* Begin PBXShellScriptBuildPhase section */
		4F0C79902C8839D60082F4F6 /* SwiftLint */ = {
			isa = PBXShellScriptBuildPhase;
			alwaysOutOfDate = 1;
			buildActionMask = 2147483647;
			files = (
			);
			inputFileListPaths = (
			);
			inputPaths = (
			);
			name = SwiftLint;
			outputFileListPaths = (
			);
			outputPaths = (
			);
			runOnlyForDeploymentPostprocessing = 0;
			shellPath = /bin/sh;
			shellScript = "${SRCROOT}/swiftlint\n";
		};
		4F3D74322C7B501A00A9DCE8 /* SwiftLint */ = {
			isa = PBXShellScriptBuildPhase;
			alwaysOutOfDate = 1;
			buildActionMask = 2147483647;
			files = (
			);
			inputFileListPaths = (
			);
			inputPaths = (
			);
			name = SwiftLint;
			outputFileListPaths = (
			);
			outputPaths = (
			);
			runOnlyForDeploymentPostprocessing = 0;
			shellPath = /bin/sh;
			shellScript = "${SRCROOT}/swiftlint\n";
		};
		4F3D74332C7B504400A9DCE8 /* SwiftLint */ = {
			isa = PBXShellScriptBuildPhase;
			alwaysOutOfDate = 1;
			buildActionMask = 2147483647;
			files = (
			);
			inputFileListPaths = (
			);
			inputPaths = (
			);
			name = SwiftLint;
			outputFileListPaths = (
			);
			outputPaths = (
			);
			runOnlyForDeploymentPostprocessing = 0;
			shellPath = /bin/sh;
			shellScript = "${SRCROOT}/swiftlint\n";
		};
		4F3D744D2C7B824000A9DCE8 /* SwiftLint */ = {
			isa = PBXShellScriptBuildPhase;
			alwaysOutOfDate = 1;
			buildActionMask = 2147483647;
			files = (
			);
			inputFileListPaths = (
			);
			inputPaths = (
			);
			name = SwiftLint;
			outputFileListPaths = (
			);
			outputPaths = (
			);
			runOnlyForDeploymentPostprocessing = 0;
			shellPath = /bin/sh;
			shellScript = "${SRCROOT}/swiftlint\n";
		};
/* End PBXShellScriptBuildPhase section */

/* Begin PBXSourcesBuildPhase section */
		4F0C798B2C8839D60082F4F6 /* Sources */ = {
			isa = PBXSourcesBuildPhase;
			buildActionMask = 2147483647;
			files = (
				4F0C79B72C8843810082F4F6 /* FloatingPoint+Compare.swift in Sources */,
				4F0C79962C8839F80082F4F6 /* main.swift in Sources */,
				4F0C79BC2C8847DD0082F4F6 /* EvenNumber.swift in Sources */,
				4F0C79AD2C88400D0082F4F6 /* SimpleCalculator.swift in Sources */,
				4F0C79A52C883D070082F4F6 /* Score.swift in Sources */,
				4F0C79D12C8876990082F4F6 /* BodyMassIndex.swift in Sources */,
				4F0C79CA2C88571B0082F4F6 /* CreditRating.swift in Sources */,
				4F0C79C32C884BAB0082F4F6 /* Bonus.swift in Sources */,
				4F0C798D2C8839D60082F4F6 /* SwiftCourse.docc in Sources */,
			);
			runOnlyForDeploymentPostprocessing = 0;
		};
		4F0C799A2C883CCB0082F4F6 /* Sources */ = {
			isa = PBXSourcesBuildPhase;
			buildActionMask = 2147483647;
			files = (
				4F0C79B82C8843810082F4F6 /* FloatingPoint+Compare.swift in Sources */,
				4F0C79C62C884BE10082F4F6 /* BonusTestCase.swift in Sources */,
				4F0C79AE2C88400D0082F4F6 /* SimpleCalculator.swift in Sources */,
				4F0C79BF2C8848260082F4F6 /* EvenNumberTestCase.swift in Sources */,
				4F0C79BD2C8847DD0082F4F6 /* EvenNumber.swift in Sources */,
				4F0C79CB2C88571B0082F4F6 /* CreditRating.swift in Sources */,
				4F0C79D42C8876EE0082F4F6 /* BodyMassIndexTestCase.swift in Sources */,
				4F0C79B02C88427F0082F4F6 /* SimpleCalculatorTestCase.swift in Sources */,
				4F0C79CD2C8857710082F4F6 /* CreditRatingTestCase.swift in Sources */,
				4F0C79D22C8876990082F4F6 /* BodyMassIndex.swift in Sources */,
				4F0C79C42C884BAB0082F4F6 /* Bonus.swift in Sources */,
				4F0C79A92C883DBA0082F4F6 /* ScoreTestCase.swift in Sources */,
				4F0C79A62C883D070082F4F6 /* Score.swift in Sources */,
			);
			runOnlyForDeploymentPostprocessing = 0;
		};
		4F3D73E62C7B48E600A9DCE8 /* Sources */ = {
			isa = PBXSourcesBuildPhase;
			buildActionMask = 2147483647;
			files = (
				4F3D73EE2C7B48E600A9DCE8 /* main.swift in Sources */,
				4F3D749B2C7DE82200A9DCE8 /* Promotion.swift in Sources */,
				4F3D748D2C7DC04700A9DCE8 /* StudentInfo.swift in Sources */,
				4F3D74762C7CCD6A00A9DCE8 /* Tips.swift in Sources */,
				4F3D74942C7DC5C900A9DCE8 /* Login.swift in Sources */,
				4F3D747F2C7DB28500A9DCE8 /* FiveMinutesAgo.swift in Sources */,
				4F0C79B52C8843810082F4F6 /* FloatingPoint+Compare.swift in Sources */,
				4F3D74862C7DBD6D00A9DCE8 /* DigitsSum.swift in Sources */,
			);
			runOnlyForDeploymentPostprocessing = 0;
		};
		4F3D74052C7B4B7300A9DCE8 /* Sources */ = {
			isa = PBXSourcesBuildPhase;
			buildActionMask = 2147483647;
			files = (
				4F3D740F2C7B4BD100A9DCE8 /* main.swift in Sources */,
				4F0C79B32C8843810082F4F6 /* FloatingPoint+Compare.swift in Sources */,
				4F3D74072C7B4B7300A9DCE8 /* UltimateQuestion.swift in Sources */,
			);
			runOnlyForDeploymentPostprocessing = 0;
		};
		4F3D74132C7B4C8400A9DCE8 /* Sources */ = {
			isa = PBXSourcesBuildPhase;
			buildActionMask = 2147483647;
			files = (
				4F3D74212C7B4D8E00A9DCE8 /* UltimateQuestionTestCase.swift in Sources */,
				4F0C79B42C8843810082F4F6 /* FloatingPoint+Compare.swift in Sources */,
				4F3D74232C7B4D9800A9DCE8 /* UltimateQuestion.swift in Sources */,
			);
			runOnlyForDeploymentPostprocessing = 0;
		};
		4F3D74242C7B4F7C00A9DCE8 /* Sources */ = {
			isa = PBXSourcesBuildPhase;
			buildActionMask = 2147483647;
			files = (
				4F3D748E2C7DC04A00A9DCE8 /* StudentInfo.swift in Sources */,
				4F0C79B62C8843810082F4F6 /* FloatingPoint+Compare.swift in Sources */,
				4F3D74772C7CCD6D00A9DCE8 /* Tips.swift in Sources */,
				4F3D74822C7DB2D900A9DCE8 /* FiveMinutesAgoTestCase.swift in Sources */,
				4F3D74902C7DC0A200A9DCE8 /* StudentInfoTestCase.swift in Sources */,
				4F3D74792C7CCF5600A9DCE8 /* TipsTestCase.swift in Sources */,
				4F3D74972C7DC60300A9DCE8 /* LoginTestCase.swift in Sources */,
				4F3D74892C7DBDD100A9DCE8 /* DigitsSumTestCase.swift in Sources */,
				4F3D74952C7DC5CE00A9DCE8 /* Login.swift in Sources */,
				4F3D749C2C7DE82500A9DCE8 /* Promotion.swift in Sources */,
				4F3D749E2C7DE8CB00A9DCE8 /* PromotionTestCase.swift in Sources */,
				4F3D74872C7DBD6D00A9DCE8 /* DigitsSum.swift in Sources */,
				4F3D74802C7DB28500A9DCE8 /* FiveMinutesAgo.swift in Sources */,
			);
			runOnlyForDeploymentPostprocessing = 0;
		};
		4F3D74472C7B824000A9DCE8 /* Sources */ = {
			isa = PBXSourcesBuildPhase;
			buildActionMask = 2147483647;
			files = (
				4F3D74552C7B836F00A9DCE8 /* main.swift in Sources */,
				4F39F9422C7F072C008DD49D /* SwiftCourse.docc in Sources */,
			);
			runOnlyForDeploymentPostprocessing = 0;
		};
/* End PBXSourcesBuildPhase section */

/* Begin XCBuildConfiguration section */
		4F0C79922C8839D60082F4F6 /* Debug */ = {
			isa = XCBuildConfiguration;
			buildSettings = {
				CLANG_ENABLE_MODULES = YES;
				CODE_SIGN_STYLE = Automatic;
				PRODUCT_NAME = "$(TARGET_NAME)";
				SWIFT_OPTIMIZATION_LEVEL = "-Onone";
				SWIFT_VERSION = 5.0;
			};
			name = Debug;
		};
		4F0C79932C8839D60082F4F6 /* Release */ = {
			isa = XCBuildConfiguration;
			buildSettings = {
				CLANG_ENABLE_MODULES = YES;
				CODE_SIGN_STYLE = Automatic;
				PRODUCT_NAME = "$(TARGET_NAME)";
				SWIFT_VERSION = 5.0;
			};
			name = Release;
		};
		4F0C79A02C883CCB0082F4F6 /* Debug */ = {
			isa = XCBuildConfiguration;
			buildSettings = {
				CLANG_ENABLE_MODULES = YES;
				CODE_SIGN_STYLE = Automatic;
				CURRENT_PROJECT_VERSION = 1;
				GENERATE_INFOPLIST_FILE = YES;
				MARKETING_VERSION = 1.0;
				PRODUCT_BUNDLE_IDENTIFIER = com.srk1nn.TutorialTests;
				PRODUCT_NAME = "$(TARGET_NAME)";
				SWIFT_EMIT_LOC_STRINGS = NO;
				SWIFT_OPTIMIZATION_LEVEL = "-Onone";
				SWIFT_VERSION = 5.0;
			};
			name = Debug;
		};
		4F0C79A12C883CCB0082F4F6 /* Release */ = {
			isa = XCBuildConfiguration;
			buildSettings = {
				CLANG_ENABLE_MODULES = YES;
				CODE_SIGN_STYLE = Automatic;
				CURRENT_PROJECT_VERSION = 1;
				GENERATE_INFOPLIST_FILE = YES;
				MARKETING_VERSION = 1.0;
				PRODUCT_BUNDLE_IDENTIFIER = com.srk1nn.TutorialTests;
				PRODUCT_NAME = "$(TARGET_NAME)";
				SWIFT_EMIT_LOC_STRINGS = NO;
				SWIFT_VERSION = 5.0;
			};
			name = Release;
		};
		4F3D73EF2C7B48E600A9DCE8 /* Debug */ = {
			isa = XCBuildConfiguration;
			buildSettings = {
				ALWAYS_SEARCH_USER_PATHS = NO;
				ASSETCATALOG_COMPILER_GENERATE_SWIFT_ASSET_SYMBOL_EXTENSIONS = YES;
				CLANG_ANALYZER_NONNULL = YES;
				CLANG_ANALYZER_NUMBER_OBJECT_CONVERSION = YES_AGGRESSIVE;
				CLANG_CXX_LANGUAGE_STANDARD = "gnu++20";
				CLANG_ENABLE_MODULES = YES;
				CLANG_ENABLE_OBJC_ARC = YES;
				CLANG_ENABLE_OBJC_WEAK = YES;
				CLANG_WARN_BLOCK_CAPTURE_AUTORELEASING = YES;
				CLANG_WARN_BOOL_CONVERSION = YES;
				CLANG_WARN_COMMA = YES;
				CLANG_WARN_CONSTANT_CONVERSION = YES;
				CLANG_WARN_DEPRECATED_OBJC_IMPLEMENTATIONS = YES;
				CLANG_WARN_DIRECT_OBJC_ISA_USAGE = YES_ERROR;
				CLANG_WARN_DOCUMENTATION_COMMENTS = YES;
				CLANG_WARN_EMPTY_BODY = YES;
				CLANG_WARN_ENUM_CONVERSION = YES;
				CLANG_WARN_INFINITE_RECURSION = YES;
				CLANG_WARN_INT_CONVERSION = YES;
				CLANG_WARN_NON_LITERAL_NULL_CONVERSION = YES;
				CLANG_WARN_OBJC_IMPLICIT_RETAIN_SELF = YES;
				CLANG_WARN_OBJC_LITERAL_CONVERSION = YES;
				CLANG_WARN_OBJC_ROOT_CLASS = YES_ERROR;
				CLANG_WARN_QUOTED_INCLUDE_IN_FRAMEWORK_HEADER = YES;
				CLANG_WARN_RANGE_LOOP_ANALYSIS = YES;
				CLANG_WARN_STRICT_PROTOTYPES = YES;
				CLANG_WARN_SUSPICIOUS_MOVE = YES;
				CLANG_WARN_UNGUARDED_AVAILABILITY = YES_AGGRESSIVE;
				CLANG_WARN_UNREACHABLE_CODE = YES;
				CLANG_WARN__DUPLICATE_METHOD_MATCH = YES;
				COPY_PHASE_STRIP = NO;
				DEBUG_INFORMATION_FORMAT = dwarf;
				ENABLE_STRICT_OBJC_MSGSEND = YES;
				ENABLE_TESTABILITY = YES;
				ENABLE_USER_SCRIPT_SANDBOXING = NO;
				GCC_C_LANGUAGE_STANDARD = gnu17;
				GCC_DYNAMIC_NO_PIC = NO;
				GCC_NO_COMMON_BLOCKS = YES;
				GCC_OPTIMIZATION_LEVEL = 0;
				GCC_PREPROCESSOR_DEFINITIONS = (
					"DEBUG=1",
					"$(inherited)",
				);
				GCC_WARN_64_TO_32_BIT_CONVERSION = YES;
				GCC_WARN_ABOUT_RETURN_TYPE = YES_ERROR;
				GCC_WARN_UNDECLARED_SELECTOR = YES;
				GCC_WARN_UNINITIALIZED_AUTOS = YES_AGGRESSIVE;
				GCC_WARN_UNUSED_FUNCTION = YES;
				GCC_WARN_UNUSED_VARIABLE = YES;
				LOCALIZATION_PREFERS_STRING_CATALOGS = YES;
				MACOSX_DEPLOYMENT_TARGET = 14.4;
				MTL_ENABLE_DEBUG_INFO = INCLUDE_SOURCE;
				MTL_FAST_MATH = YES;
				ONLY_ACTIVE_ARCH = YES;
				SDKROOT = macosx;
				SWIFT_ACTIVE_COMPILATION_CONDITIONS = "DEBUG $(inherited)";
				SWIFT_OPTIMIZATION_LEVEL = "-Onone";
			};
			name = Debug;
		};
		4F3D73F02C7B48E600A9DCE8 /* Release */ = {
			isa = XCBuildConfiguration;
			buildSettings = {
				ALWAYS_SEARCH_USER_PATHS = NO;
				ASSETCATALOG_COMPILER_GENERATE_SWIFT_ASSET_SYMBOL_EXTENSIONS = YES;
				CLANG_ANALYZER_NONNULL = YES;
				CLANG_ANALYZER_NUMBER_OBJECT_CONVERSION = YES_AGGRESSIVE;
				CLANG_CXX_LANGUAGE_STANDARD = "gnu++20";
				CLANG_ENABLE_MODULES = YES;
				CLANG_ENABLE_OBJC_ARC = YES;
				CLANG_ENABLE_OBJC_WEAK = YES;
				CLANG_WARN_BLOCK_CAPTURE_AUTORELEASING = YES;
				CLANG_WARN_BOOL_CONVERSION = YES;
				CLANG_WARN_COMMA = YES;
				CLANG_WARN_CONSTANT_CONVERSION = YES;
				CLANG_WARN_DEPRECATED_OBJC_IMPLEMENTATIONS = YES;
				CLANG_WARN_DIRECT_OBJC_ISA_USAGE = YES_ERROR;
				CLANG_WARN_DOCUMENTATION_COMMENTS = YES;
				CLANG_WARN_EMPTY_BODY = YES;
				CLANG_WARN_ENUM_CONVERSION = YES;
				CLANG_WARN_INFINITE_RECURSION = YES;
				CLANG_WARN_INT_CONVERSION = YES;
				CLANG_WARN_NON_LITERAL_NULL_CONVERSION = YES;
				CLANG_WARN_OBJC_IMPLICIT_RETAIN_SELF = YES;
				CLANG_WARN_OBJC_LITERAL_CONVERSION = YES;
				CLANG_WARN_OBJC_ROOT_CLASS = YES_ERROR;
				CLANG_WARN_QUOTED_INCLUDE_IN_FRAMEWORK_HEADER = YES;
				CLANG_WARN_RANGE_LOOP_ANALYSIS = YES;
				CLANG_WARN_STRICT_PROTOTYPES = YES;
				CLANG_WARN_SUSPICIOUS_MOVE = YES;
				CLANG_WARN_UNGUARDED_AVAILABILITY = YES_AGGRESSIVE;
				CLANG_WARN_UNREACHABLE_CODE = YES;
				CLANG_WARN__DUPLICATE_METHOD_MATCH = YES;
				COPY_PHASE_STRIP = NO;
				DEBUG_INFORMATION_FORMAT = "dwarf-with-dsym";
				ENABLE_NS_ASSERTIONS = NO;
				ENABLE_STRICT_OBJC_MSGSEND = YES;
				ENABLE_USER_SCRIPT_SANDBOXING = NO;
				GCC_C_LANGUAGE_STANDARD = gnu17;
				GCC_NO_COMMON_BLOCKS = YES;
				GCC_WARN_64_TO_32_BIT_CONVERSION = YES;
				GCC_WARN_ABOUT_RETURN_TYPE = YES_ERROR;
				GCC_WARN_UNDECLARED_SELECTOR = YES;
				GCC_WARN_UNINITIALIZED_AUTOS = YES_AGGRESSIVE;
				GCC_WARN_UNUSED_FUNCTION = YES;
				GCC_WARN_UNUSED_VARIABLE = YES;
				LOCALIZATION_PREFERS_STRING_CATALOGS = YES;
				MACOSX_DEPLOYMENT_TARGET = 14.4;
				MTL_ENABLE_DEBUG_INFO = NO;
				MTL_FAST_MATH = YES;
				SDKROOT = macosx;
				SWIFT_COMPILATION_MODE = wholemodule;
			};
			name = Release;
		};
		4F3D73F22C7B48E600A9DCE8 /* Debug */ = {
			isa = XCBuildConfiguration;
			buildSettings = {
				CODE_SIGN_STYLE = Automatic;
				PRODUCT_NAME = "$(TARGET_NAME)";
				SWIFT_VERSION = 5.0;
			};
			name = Debug;
		};
		4F3D73F32C7B48E600A9DCE8 /* Release */ = {
			isa = XCBuildConfiguration;
			buildSettings = {
				CODE_SIGN_STYLE = Automatic;
				PRODUCT_NAME = "$(TARGET_NAME)";
				SWIFT_VERSION = 5.0;
			};
			name = Release;
		};
		4F3D740B2C7B4B7300A9DCE8 /* Debug */ = {
			isa = XCBuildConfiguration;
			buildSettings = {
				CODE_SIGN_STYLE = Automatic;
				PRODUCT_NAME = "$(TARGET_NAME)";
				SWIFT_VERSION = 5.0;
			};
			name = Debug;
		};
		4F3D740C2C7B4B7300A9DCE8 /* Release */ = {
			isa = XCBuildConfiguration;
			buildSettings = {
				CODE_SIGN_STYLE = Automatic;
				PRODUCT_NAME = "$(TARGET_NAME)";
				SWIFT_VERSION = 5.0;
			};
			name = Release;
		};
		4F3D741C2C7B4C8400A9DCE8 /* Debug */ = {
			isa = XCBuildConfiguration;
			buildSettings = {
				CODE_SIGN_STYLE = Automatic;
				CURRENT_PROJECT_VERSION = 1;
				GENERATE_INFOPLIST_FILE = YES;
				MARKETING_VERSION = 1.0;
				PRODUCT_BUNDLE_IDENTIFIER = com.srk1nn.TutorialTests;
				PRODUCT_NAME = "$(TARGET_NAME)";
				SWIFT_EMIT_LOC_STRINGS = NO;
				SWIFT_VERSION = 5.0;
			};
			name = Debug;
		};
		4F3D741D2C7B4C8400A9DCE8 /* Release */ = {
			isa = XCBuildConfiguration;
			buildSettings = {
				CODE_SIGN_STYLE = Automatic;
				CURRENT_PROJECT_VERSION = 1;
				GENERATE_INFOPLIST_FILE = YES;
				MARKETING_VERSION = 1.0;
				PRODUCT_BUNDLE_IDENTIFIER = com.srk1nn.TutorialTests;
				PRODUCT_NAME = "$(TARGET_NAME)";
				SWIFT_EMIT_LOC_STRINGS = NO;
				SWIFT_VERSION = 5.0;
			};
			name = Release;
		};
		4F3D742D2C7B4F7C00A9DCE8 /* Debug */ = {
			isa = XCBuildConfiguration;
			buildSettings = {
				CODE_SIGN_STYLE = Automatic;
				CURRENT_PROJECT_VERSION = 1;
				GENERATE_INFOPLIST_FILE = YES;
				MARKETING_VERSION = 1.0;
				PRODUCT_BUNDLE_IDENTIFIER = com.srk1nn.VariablesTests;
				PRODUCT_NAME = "$(TARGET_NAME)";
				SWIFT_EMIT_LOC_STRINGS = NO;
				SWIFT_VERSION = 5.0;
			};
			name = Debug;
		};
		4F3D742E2C7B4F7C00A9DCE8 /* Release */ = {
			isa = XCBuildConfiguration;
			buildSettings = {
				CODE_SIGN_STYLE = Automatic;
				CURRENT_PROJECT_VERSION = 1;
				GENERATE_INFOPLIST_FILE = YES;
				MARKETING_VERSION = 1.0;
				PRODUCT_BUNDLE_IDENTIFIER = com.srk1nn.VariablesTests;
				PRODUCT_NAME = "$(TARGET_NAME)";
				SWIFT_EMIT_LOC_STRINGS = NO;
				SWIFT_VERSION = 5.0;
			};
			name = Release;
		};
		4F3D744F2C7B824000A9DCE8 /* Debug */ = {
			isa = XCBuildConfiguration;
			buildSettings = {
				CLANG_ENABLE_MODULES = YES;
				CODE_SIGN_STYLE = Automatic;
				PRODUCT_NAME = "$(TARGET_NAME)";
				SWIFT_OPTIMIZATION_LEVEL = "-Onone";
				SWIFT_VERSION = 5.0;
			};
			name = Debug;
		};
		4F3D74502C7B824000A9DCE8 /* Release */ = {
			isa = XCBuildConfiguration;
			buildSettings = {
				CLANG_ENABLE_MODULES = YES;
				CODE_SIGN_STYLE = Automatic;
				PRODUCT_NAME = "$(TARGET_NAME)";
				SWIFT_VERSION = 5.0;
			};
			name = Release;
		};
/* End XCBuildConfiguration section */

/* Begin XCConfigurationList section */
		4F0C79912C8839D60082F4F6 /* Build configuration list for PBXNativeTarget "BranchStatements" */ = {
			isa = XCConfigurationList;
			buildConfigurations = (
				4F0C79922C8839D60082F4F6 /* Debug */,
				4F0C79932C8839D60082F4F6 /* Release */,
			);
			defaultConfigurationIsVisible = 0;
			defaultConfigurationName = Release;
		};
		4F0C799F2C883CCB0082F4F6 /* Build configuration list for PBXNativeTarget "BranchStatementsTests" */ = {
			isa = XCConfigurationList;
			buildConfigurations = (
				4F0C79A02C883CCB0082F4F6 /* Debug */,
				4F0C79A12C883CCB0082F4F6 /* Release */,
			);
			defaultConfigurationIsVisible = 0;
			defaultConfigurationName = Release;
		};
		4F3D73E52C7B48E600A9DCE8 /* Build configuration list for PBXProject "SwiftCourse" */ = {
			isa = XCConfigurationList;
			buildConfigurations = (
				4F3D73EF2C7B48E600A9DCE8 /* Debug */,
				4F3D73F02C7B48E600A9DCE8 /* Release */,
			);
			defaultConfigurationIsVisible = 0;
			defaultConfigurationName = Release;
		};
		4F3D73F12C7B48E600A9DCE8 /* Build configuration list for PBXNativeTarget "PrimitiveTypes" */ = {
			isa = XCConfigurationList;
			buildConfigurations = (
				4F3D73F22C7B48E600A9DCE8 /* Debug */,
				4F3D73F32C7B48E600A9DCE8 /* Release */,
			);
			defaultConfigurationIsVisible = 0;
			defaultConfigurationName = Release;
		};
		4F3D740A2C7B4B7300A9DCE8 /* Build configuration list for PBXNativeTarget "Tutorial" */ = {
			isa = XCConfigurationList;
			buildConfigurations = (
				4F3D740B2C7B4B7300A9DCE8 /* Debug */,
				4F3D740C2C7B4B7300A9DCE8 /* Release */,
			);
			defaultConfigurationIsVisible = 0;
			defaultConfigurationName = Release;
		};
		4F3D741B2C7B4C8400A9DCE8 /* Build configuration list for PBXNativeTarget "TutorialTests" */ = {
			isa = XCConfigurationList;
			buildConfigurations = (
				4F3D741C2C7B4C8400A9DCE8 /* Debug */,
				4F3D741D2C7B4C8400A9DCE8 /* Release */,
			);
			defaultConfigurationIsVisible = 0;
			defaultConfigurationName = Release;
		};
		4F3D742C2C7B4F7C00A9DCE8 /* Build configuration list for PBXNativeTarget "PrimitiveTypesTests" */ = {
			isa = XCConfigurationList;
			buildConfigurations = (
				4F3D742D2C7B4F7C00A9DCE8 /* Debug */,
				4F3D742E2C7B4F7C00A9DCE8 /* Release */,
			);
			defaultConfigurationIsVisible = 0;
			defaultConfigurationName = Release;
		};
		4F3D744E2C7B824000A9DCE8 /* Build configuration list for PBXNativeTarget "SwiftCourse" */ = {
			isa = XCConfigurationList;
			buildConfigurations = (
				4F3D744F2C7B824000A9DCE8 /* Debug */,
				4F3D74502C7B824000A9DCE8 /* Release */,
			);
			defaultConfigurationIsVisible = 0;
			defaultConfigurationName = Release;
		};
/* End XCConfigurationList section */
	};
	rootObject = 4F3D73E22C7B48E600A9DCE8 /* Project object */;
}
